
Microsoft Visual Studio Solution File, Format Version 12.00
# Visual Studio Version 17
VisualStudioVersion = 17.11.35303.130
MinimumVisualStudioVersion = 10.0.40219.1
Project("{2150E333-8FDC-42A3-9474-1A3956D46DE8}") = "Applications", "Applications", "{AA0F8668-671F-4842-ACC8-909C47C77F36}"
EndProject
Project("{2150E333-8FDC-42A3-9474-1A3956D46DE8}") = "Libraries", "Libraries", "{AFF9C809-A71B-4B72-82E7-1BEB164114F2}"
EndProject
Project("{9A19103F-16F7-4668-BE54-9A1E7A4F7556}") = "SV21T1020526.Web", "SV21T1020526.Web\SV21T1020526.Web.csproj", "{0591E1F5-3B06-4F9C-98CA-3CBF79F837EA}"
EndProject
Project("{9A19103F-16F7-4668-BE54-9A1E7A4F7556}") = "SV21T1020526.DomainModels", "SV21T1020526.DomainModels\SV21T1020526.DomainModels.csproj", "{E09B8BF3-08A0-4005-9C15-A2468DA255AA}"
EndProject
Project("{9A19103F-16F7-4668-BE54-9A1E7A4F7556}") = "SV21T1020526.DataLayers", "SV21T1020526.DataLayers\SV21T1020526.DataLayers.csproj", "{DB80CA4B-8157-487A-A43E-A0EAFB44C608}"
EndProject
Project("{9A19103F-16F7-4668-BE54-9A1E7A4F7556}") = "SV21T1020526.BusinessLayers", "SV21T1020526.BusinessLayers\SV21T1020526.BusinessLayers.csproj", "{1474E10F-D207-40EE-B347-B9B582AFD72A}"
EndProject
Project("{9A19103F-16F7-4668-BE54-9A1E7A4F7556}") = "SV21T1020526.ServiceDefaults", "SV21T1020526.ServiceDefaults\SV21T1020526.ServiceDefaults.csproj", "{EC911BD6-F67E-4265-8FF4-FCC2DD64A5AC}"
EndProject
Project("{FAE04EC0-301F-11D3-BF4B-00C04F79EFBC}") = "SV21T1020526.Shop", "SV21T1020526.Shop\SV21T1020526.Shop.csproj", "{08C8F388-7035-4349-9C80-4887AEE12EB7}"
EndProject
Global
	GlobalSection(SolutionConfigurationPlatforms) = preSolution
		Debug|Any CPU = Debug|Any CPU
		Release|Any CPU = Release|Any CPU
	EndGlobalSection
	GlobalSection(ProjectConfigurationPlatforms) = postSolution
		{0591E1F5-3B06-4F9C-98CA-3CBF79F837EA}.Debug|Any CPU.ActiveCfg = Debug|Any CPU
		{0591E1F5-3B06-4F9C-98CA-3CBF79F837EA}.Debug|Any CPU.Build.0 = Debug|Any CPU
		{0591E1F5-3B06-4F9C-98CA-3CBF79F837EA}.Release|Any CPU.ActiveCfg = Release|Any CPU
		{0591E1F5-3B06-4F9C-98CA-3CBF79F837EA}.Release|Any CPU.Build.0 = Release|Any CPU
		{E09B8BF3-08A0-4005-9C15-A2468DA255AA}.Debug|Any CPU.ActiveCfg = Debug|Any CPU
		{E09B8BF3-08A0-4005-9C15-A2468DA255AA}.Debug|Any CPU.Build.0 = Debug|Any CPU
		{E09B8BF3-08A0-4005-9C15-A2468DA255AA}.Release|Any CPU.ActiveCfg = Release|Any CPU
		{E09B8BF3-08A0-4005-9C15-A2468DA255AA}.Release|Any CPU.Build.0 = Release|Any CPU
		{DB80CA4B-8157-487A-A43E-A0EAFB44C608}.Debug|Any CPU.ActiveCfg = Debug|Any CPU
		{DB80CA4B-8157-487A-A43E-A0EAFB44C608}.Debug|Any CPU.Build.0 = Debug|Any CPU
		{DB80CA4B-8157-487A-A43E-A0EAFB44C608}.Release|Any CPU.ActiveCfg = Release|Any CPU
		{DB80CA4B-8157-487A-A43E-A0EAFB44C608}.Release|Any CPU.Build.0 = Release|Any CPU
		{1474E10F-D207-40EE-B347-B9B582AFD72A}.Debug|Any CPU.ActiveCfg = Debug|Any CPU
		{1474E10F-D207-40EE-B347-B9B582AFD72A}.Debug|Any CPU.Build.0 = Debug|Any CPU
		{1474E10F-D207-40EE-B347-B9B582AFD72A}.Release|Any CPU.ActiveCfg = Release|Any CPU
		{1474E10F-D207-40EE-B347-B9B582AFD72A}.Release|Any CPU.Build.0 = Release|Any CPU
		{EC911BD6-F67E-4265-8FF4-FCC2DD64A5AC}.Debug|Any CPU.ActiveCfg = Debug|Any CPU
		{EC911BD6-F67E-4265-8FF4-FCC2DD64A5AC}.Debug|Any CPU.Build.0 = Debug|Any CPU
		{EC911BD6-F67E-4265-8FF4-FCC2DD64A5AC}.Release|Any CPU.ActiveCfg = Release|Any CPU
		{EC911BD6-F67E-4265-8FF4-FCC2DD64A5AC}.Release|Any CPU.Build.0 = Release|Any CPU
		{08C8F388-7035-4349-9C80-4887AEE12EB7}.Debug|Any CPU.ActiveCfg = Debug|Any CPU
		{08C8F388-7035-4349-9C80-4887AEE12EB7}.Debug|Any CPU.Build.0 = Debug|Any CPU
		{08C8F388-7035-4349-9C80-4887AEE12EB7}.Release|Any CPU.ActiveCfg = Release|Any CPU
		{08C8F388-7035-4349-9C80-4887AEE12EB7}.Release|Any CPU.Build.0 = Release|Any CPU
	EndGlobalSection
	GlobalSection(SolutionProperties) = preSolution
		HideSolutionNode = FALSE
	EndGlobalSection
	GlobalSection(NestedProjects) = preSolution
		{0591E1F5-3B06-4F9C-98CA-3CBF79F837EA} = {AA0F8668-671F-4842-ACC8-909C47C77F36}
		{E09B8BF3-08A0-4005-9C15-A2468DA255AA} = {AFF9C809-A71B-4B72-82E7-1BEB164114F2}
		{DB80CA4B-8157-487A-A43E-A0EAFB44C608} = {AFF9C809-A71B-4B72-82E7-1BEB164114F2}
		{1474E10F-D207-40EE-B347-B9B582AFD72A} = {AFF9C809-A71B-4B72-82E7-1BEB164114F2}
		{08C8F388-7035-4349-9C80-4887AEE12EB7} = {AA0F8668-671F-4842-ACC8-909C47C77F36}
	EndGlobalSection
	GlobalSection(ExtensibilityGlobals) = postSolution
		SolutionGuid = {878D4CC8-93EA-4F6B-9E5D-DE326BD5FC5E}
	EndGlobalSection
EndGlobal
